// !$*UTF8*$!
{
	archiveVersion = 1;
	classes = {
	};
	objectVersion = 46;
	objects = {

/* Begin PBXBuildFile section */
		DDB342A81A70E18900E8E65F /* main.m in Sources */ = {isa = PBXBuildFile; fileRef = DDB342A71A70E18900E8E65F /* main.m */; };
		DDB342AB1A70E18900E8E65F /* AppDelegate.m in Sources */ = {isa = PBXBuildFile; fileRef = DDB342AA1A70E18900E8E65F /* AppDelegate.m */; };
		DDB342AE1A70E18900E8E65F /* ViewController.m in Sources */ = {isa = PBXBuildFile; fileRef = DDB342AD1A70E18900E8E65F /* ViewController.m */; };
		DDB342B11A70E18900E8E65F /* Main.storyboard in Resources */ = {isa = PBXBuildFile; fileRef = DDB342AF1A70E18900E8E65F /* Main.storyboard */; };
		DDB342B31A70E18900E8E65F /* Images.xcassets in Resources */ = {isa = PBXBuildFile; fileRef = DDB342B21A70E18900E8E65F /* Images.xcassets */; };
		DDB342B61A70E18900E8E65F /* LaunchScreen.xib in Resources */ = {isa = PBXBuildFile; fileRef = DDB342B41A70E18900E8E65F /* LaunchScreen.xib */; };
		DDB342C21A70E18900E8E65F /* ballTests.m in Sources */ = {isa = PBXBuildFile; fileRef = DDB342C11A70E18900E8E65F /* ballTests.m */; };
/* End PBXBuildFile section */

/* Begin PBXContainerItemProxy section */
		DDB342BC1A70E18900E8E65F /* PBXContainerItemProxy */ = {
			isa = PBXContainerItemProxy;
			containerPortal = DDB3429A1A70E18900E8E65F /* Project object */;
			proxyType = 1;
			remoteGlobalIDString = DDB342A11A70E18900E8E65F;
			remoteInfo = ball;
		};
/* End PBXContainerItemProxy section */

/* Begin PBXFileReference section */
		DDB342A21A70E18900E8E65F /* ball.app */ = {isa = PBXFileReference; explicitFileType = wrapper.application; includeInIndex = 0; path = ball.app; sourceTree = BUILT_PRODUCTS_DIR; };
		DDB342A61A70E18900E8E65F /* Info.plist */ = {isa = PBXFileReference; lastKnownFileType = text.plist.xml; path = Info.plist; sourceTree = "<group>"; };
		DDB342A71A70E18900E8E65F /* main.m */ = {isa = PBXFileReference; lastKnownFileType = sourcecode.c.objc; path = main.m; sourceTree = "<group>"; };
		DDB342A91A70E18900E8E65F /* AppDelegate.h */ = {isa = PBXFileReference; lastKnownFileType = sourcecode.c.h; path = AppDelegate.h; sourceTree = "<group>"; };
		DDB342AA1A70E18900E8E65F /* AppDelegate.m */ = {isa = PBXFileReference; lastKnownFileType = sourcecode.c.objc; path = AppDelegate.m; sourceTree = "<group>"; };
		DDB342AC1A70E18900E8E65F /* ViewController.h */ = {isa = PBXFileReference; lastKnownFileType = sourcecode.c.h; path = ViewController.h; sourceTree = "<group>"; };
		DDB342AD1A70E18900E8E65F /* ViewController.m */ = {isa = PBXFileReference; lastKnownFileType = sourcecode.c.objc; path = ViewController.m; sourceTree = "<group>"; };
		DDB342B01A70E18900E8E65F /* Base */ = {isa = PBXFileReference; lastKnownFileType = file.storyboard; name = Base; path = Base.lproj/Main.storyboard; sourceTree = "<group>"; };
		DDB342B21A70E18900E8E65F /* Images.xcassets */ = {isa = PBXFileReference; lastKnownFileType = folder.assetcatalog; path = Images.xcassets; sourceTree = "<group>"; };
		DDB342B51A70E18900E8E65F /* Base */ = {isa = PBXFileReference; lastKnownFileType = file.xib; name = Base; path = Base.lproj/LaunchScreen.xib; sourceTree = "<group>"; };
		DDB342BB1A70E18900E8E65F /* ballTests.xctest */ = {isa = PBXFileReference; explicitFileType = wrapper.cfbundle; includeInIndex = 0; path = ballTests.xctest; sourceTree = BUILT_PRODUCTS_DIR; };
		DDB342C01A70E18900E8E65F /* Info.plist */ = {isa = PBXFileReference; lastKnownFileType = text.plist.xml; path = Info.plist; sourceTree = "<group>"; };
		DDB342C11A70E18900E8E65F /* ballTests.m */ = {isa = PBXFileReference; lastKnownFileType = sourcecode.c.objc; path = ballTests.m; sourceTree = "<group>"; };
/* End PBXFileReference section */

/* Begin PBXFrameworksBuildPhase section */
		DDB3429F1A70E18900E8E65F /* Frameworks */ = {
			isa = PBXFrameworksBuildPhase;
			buildActionMask = 2147483647;
			files = (
			);
			runOnlyForDeploymentPostprocessing = 0;
		};
		DDB342B81A70E18900E8E65F /* Frameworks */ = {
			isa = PBXFrameworksBuildPhase;
			buildActionMask = 2147483647;
			files = (
			);
			runOnlyForDeploymentPostprocessing = 0;
		};
/* End PBXFrameworksBuildPhase section */

/* Begin PBXGroup section */
		DDB342991A70E18900E8E65F = {
			isa = PBXGroup;
			children = (
				DDB342A41A70E18900E8E65F /* ball */,
				DDB342BE1A70E18900E8E65F /* ballTests */,
				DDB342A31A70E18900E8E65F /* Products */,
			);
			sourceTree = "<group>";
		};
		DDB342A31A70E18900E8E65F /* Products */ = {
			isa = PBXGroup;
			children = (
				DDB342A21A70E18900E8E65F /* ball.app */,
				DDB342BB1A70E18900E8E65F /* ballTests.xctest */,
			);
			name = Products;
			sourceTree = "<group>";
		};
		DDB342A41A70E18900E8E65F /* ball */ = {
			isa = PBXGroup;
			children = (
				DDB342AC1A70E18900E8E65F /* ViewController.h */,
				DDB342AD1A70E18900E8E65F /* ViewController.m */,
				DDB342AF1A70E18900E8E65F /* Main.storyboard */,
				DDB342B21A70E18900E8E65F /* Images.xcassets */,
				DDB342B41A70E18900E8E65F /* LaunchScreen.xib */,
				DDB342A51A70E18900E8E65F /* Supporting Files */,
			);
			path = ball;
			sourceTree = "<group>";
		};
		DDB342A51A70E18900E8E65F /* Supporting Files */ = {
			isa = PBXGroup;
			children = (
				DDB342A91A70E18900E8E65F /* AppDelegate.h */,
				DDB342AA1A70E18900E8E65F /* AppDelegate.m */,
				DDB342A61A70E18900E8E65F /* Info.plist */,
				DDB342A71A70E18900E8E65F /* main.m */,
			);
			name = "Supporting Files";
			sourceTree = "<group>";
		};
		DDB342BE1A70E18900E8E65F /* ballTests */ = {
			isa = PBXGroup;
			children = (
				DDB342C11A70E18900E8E65F /* ballTests.m */,
				DDB342BF1A70E18900E8E65F /* Supporting Files */,
			);
			path = ballTests;
			sourceTree = "<group>";
		};
		DDB342BF1A70E18900E8E65F /* Supporting Files */ = {
			isa = PBXGroup;
			children = (
				DDB342C01A70E18900E8E65F /* Info.plist */,
			);
			name = "Supporting Files";
			sourceTree = "<group>";
		};
/* End PBXGroup section */

/* Begin PBXNativeTarget section */
		DDB342A11A70E18900E8E65F /* ball */ = {
			isa = PBXNativeTarget;
			buildConfigurationList = DDB342C51A70E18900E8E65F /* Build configuration list for PBXNativeTarget "ball" */;
			buildPhases = (
				DDB3429E1A70E18900E8E65F /* Sources */,
				DDB3429F1A70E18900E8E65F /* Frameworks */,
				DDB342A01A70E18900E8E65F /* Resources */,
			);
			buildRules = (
			);
			dependencies = (
			);
			name = ball;
			productName = ball;
			productReference = DDB342A21A70E18900E8E65F /* ball.app */;
			productType = "com.apple.product-type.application";
		};
		DDB342BA1A70E18900E8E65F /* ballTests */ = {
			isa = PBXNativeTarget;
			buildConfigurationList = DDB342C81A70E18900E8E65F /* Build configuration list for PBXNativeTarget "ballTests" */;
			buildPhases = (
				DDB342B71A70E18900E8E65F /* Sources */,
				DDB342B81A70E18900E8E65F /* Frameworks */,
				DDB342B91A70E18900E8E65F /* Resources */,
			);
			buildRules = (
			);
			dependencies = (
				DDB342BD1A70E18900E8E65F /* PBXTargetDependency */,
			);
			name = ballTests;
			productName = ballTests;
			productReference = DDB342BB1A70E18900E8E65F /* ballTests.xctest */;
			productType = "com.apple.product-type.bundle.unit-test";
		};
/* End PBXNativeTarget section */

/* Begin PBXProject section */
		DDB3429A1A70E18900E8E65F /* Project object */ = {
			isa = PBXProject;
			attributes = {
				LastUpgradeCheck = 0610;
				ORGANIZATIONNAME = "shiyu wang";
				TargetAttributes = {
					DDB342A11A70E18900E8E65F = {
						CreatedOnToolsVersion = 6.1.1;
					};
					DDB342BA1A70E18900E8E65F = {
						CreatedOnToolsVersion = 6.1.1;
						TestTargetID = DDB342A11A70E18900E8E65F;
					};
				};
			};
			buildConfigurationList = DDB3429D1A70E18900E8E65F /* Build configuration list for PBXProject "ball" */;
			compatibilityVersion = "Xcode 3.2";
			developmentRegion = English;
			hasScannedForEncodings = 0;
			knownRegions = (
				en,
				Base,
			);
			mainGroup = DDB342991A70E18900E8E65F;
			productRefGroup = DDB342A31A70E18900E8E65F /* Products */;
			projectDirPath = "";
			projectRoot = "";
			targets = (
				DDB342A11A70E18900E8E65F /* ball */,
				DDB342BA1A70E18900E8E65F /* ballTests */,
			);
		};
/* End PBXProject section */

/* Begin PBXResourcesBuildPhase section */
		DDB342A01A70E18900E8E65F /* Resources */ = {
			isa = PBXResourcesBuildPhase;
			buildActionMask = 2147483647;
			files = (
				DDB342B11A70E18900E8E65F /* Main.storyboard in Resources */,
				DDB342B61A70E18900E8E65F /* LaunchScreen.xib in Resources */,
				DDB342B31A70E18900E8E65F /* Images.xcassets in Resources */,
			);
			runOnlyForDeploymentPostprocessing = 0;
		};
		DDB342B91A70E18900E8E65F /* Resources */ = {
			isa = PBXResourcesBuildPhase;
			buildActionMask = 2147483647;
			files = (
			);
			runOnlyForDeploymentPostprocessing = 0;
		};
/* End PBXResourcesBuildPhase section */

/* Begin PBXSourcesBuildPhase section */
		DDB3429E1A70E18900E8E65F /* Sources */ = {
			isa = PBXSourcesBuildPhase;
			buildActionMask = 2147483647;
			files = (
				DDB342AE1A70E18900E8E65F /* ViewController.m in Sources */,
				DDB342AB1A70E18900E8E65F /* AppDelegate.m in Sources */,
				DDB342A81A70E18900E8E65F /* main.m in Sources */,
			);
			runOnlyForDeploymentPostprocessing = 0;
		};
		DDB342B71A70E18900E8E65F /* Sources */ = {
			isa = PBXSourcesBuildPhase;
			buildActionMask = 2147483647;
			files = (
				DDB342C21A70E18900E8E65F /* ballTests.m in Sources */,
			);
			runOnlyForDeploymentPostprocessing = 0;
		};
/* End PBXSourcesBuildPhase section */

/* Begin PBXTargetDependency section */
		DDB342BD1A70E18900E8E65F /* PBXTargetDependency */ = {
			isa = PBXTargetDependency;
			target = DDB342A11A70E18900E8E65F /* ball */;
			targetProxy = DDB342BC1A70E18900E8E65F /* PBXContainerItemProxy */;
		};
/* End PBXTargetDependency section */

/* Begin PBXVariantGroup section */
		DDB342AF1A70E18900E8E65F /* Main.storyboard */ = {
			isa = PBXVariantGroup;
			children = (
				DDB342B01A70E18900E8E65F /* Base */,
			);
			name = Main.storyboard;
			sourceTree = "<group>";
		};
		DDB342B41A70E18900E8E65F /* LaunchScreen.xib */ = {
			isa = PBXVariantGroup;
			children = (
				DDB342B51A70E18900E8E65F /* Base */,
			);
			name = LaunchScreen.xib;
			sourceTree = "<group>";
		};
/* End PBXVariantGroup section */

/* Begin XCBuildConfiguration section */
		DDB342C31A70E18900E8E65F /* Debug */ = {
			isa = XCBuildConfiguration;
			buildSettings = {
				ALWAYS_SEARCH_USER_PATHS = NO;
				CLANG_CXX_LANGUAGE_STANDARD = "gnu++0x";
				CLANG_CXX_LIBRARY = "libc++";
				CLANG_ENABLE_MODULES = YES;
				CLANG_ENABLE_OBJC_ARC = YES;
				CLANG_WARN_BOOL_CONVERSION = YES;
				CLANG_WARN_CONSTANT_CONVERSION = YES;
				CLANG_WARN_DIRECT_OBJC_ISA_USAGE = YES_ERROR;
				CLANG_WARN_EMPTY_BODY = YES;
				CLANG_WARN_ENUM_CONVERSION = YES;
				CLANG_WARN_INT_CONVERSION = YES;
				CLANG_WARN_OBJC_ROOT_CLASS = YES_ERROR;
				CLANG_WARN_UNREACHABLE_CODE = YES;
				CLANG_WARN__DUPLICATE_METHOD_MATCH = YES;
				"CODE_SIGN_IDENTITY[sdk=iphoneos*]" = "iPhone Developer";
				COPY_PHASE_STRIP = NO;
				ENABLE_STRICT_OBJC_MSGSEND = YES;
				GCC_C_LANGUAGE_STANDARD = gnu99;
				GCC_DYNAMIC_NO_PIC = NO;
				GCC_OPTIMIZATION_LEVEL = 0;
				GCC_PREPROCESSOR_DEFINITIONS = (
					"DEBUG=1",
					"$(inherited)",
				);
				GCC_SYMBOLS_PRIVATE_EXTERN = NO;
				GCC_WARN_64_TO_32_BIT_CONVERSION = YES;
				GCC_WARN_ABOUT_RETURN_TYPE = YES_ERROR;
				GCC_WARN_UNDECLARED_SELECTOR = YES;
				GCC_WARN_UNINITIALIZED_AUTOS = YES_AGGRESSIVE;
				GCC_WARN_UNUSED_FUNCTION = YES;
				GCC_WARN_UNUSED_VARIABLE = YES;
				IPHONEOS_DEPLOYMENT_TARGET = 8.1;
				MTL_ENABLE_DEBUG_INFO = YES;
				ONLY_ACTIVE_ARCH = YES;
				SDKROOT = iphoneos;
			};
			name = Debug;
		};
		DDB342C41A70E18900E8E65F /* Release */ = {
			isa = XCBuildConfiguration;
			buildSettings = {
				ALWAYS_SEARCH_USER_PATHS = NO;
				CLANG_CXX_LANGUAGE_STANDARD = "gnu++0x";
				CLANG_CXX_LIBRARY = "libc++";
				CLANG_ENABLE_MODULES = YES;
				CLANG_ENABLE_OBJC_ARC = YES;
				CLANG_WARN_BOOL_CONVERSION = YES;
				CLANG_WARN_CONSTANT_CONVERSION = YES;
				CLANG_WARN_DIRECT_OBJC_ISA_USAGE = YES_ERROR;
				CLANG_WARN_EMPTY_BODY = YES;
				CLANG_WARN_ENUM_CONVERSION = YES;
				CLANG_WARN_INT_CONVERSION = YES;
				CLANG_WARN_OBJC_ROOT_CLASS = YES_ERROR;
				CLANG_WARN_UNREACHABLE_CODE = YES;
				CLANG_WARN__DUPLICATE_METHOD_MATCH = YES;
				"CODE_SIGN_IDENTITY[sdk=iphoneos*]" = "iPhone Developer";
				COPY_PHASE_STRIP = YES;
				ENABLE_NS_ASSERTIONS = NO;
				ENABLE_STRICT_OBJC_MSGSEND = YES;
				GCC_C_LANGUAGE_STANDARD = gnu99;
				GCC_WARN_64_TO_32_BIT_CONVERSION = YES;
				GCC_WARN_ABOUT_RETURN_TYPE = YES_ERROR;
				GCC_WARN_UNDECLARED_SELECTOR = YES;
				GCC_WARN_UNINITIALIZED_AUTOS = YES_AGGRESSIVE;
				GCC_WARN_UNUSED_FUNCTION = YES;
				GCC_WARN_UNUSED_VARIABLE = YES;
				IPHONEOS_DEPLOYMENT_TARGET = 8.1;
				MTL_ENABLE_DEBUG_INFO = NO;
				SDKROOT = iphoneos;
				VALIDATE_PRODUCT = YES;
			};
			name = Release;
		};
		DDB342C61A70E18900E8E65F /* Debug */ = {
			isa = XCBuildConfiguration;
			buildSettings = {
				ASSETCATALOG_COMPILER_APPICON_NAME = AppIcon;
				INFOPLIST_FILE = ball/Info.plist;
				LD_RUNPATH_SEARCH_PATHS = "$(inherited) @executable_path/Frameworks";
				PRODUCT_NAME = "$(TARGET_NAME)";
			};
			name = Debug;
		};
		DDB342C71A70E18900E8E65F /* Release */ = {
			isa = XCBuildConfiguration;
			buildSettings = {
				ASSETCATALOG_COMPILER_APPICON_NAME = AppIcon;
				INFOPLIST_FILE = ball/Info.plist;
				LD_RUNPATH_SEARCH_PATHS = "$(inherited) @executable_path/Frameworks";
				PRODUCT_NAME = "$(TARGET_NAME)";
			};
			name = Release;
		};
		DDB342C91A70E18900E8E65F /* Debug */ = {
			isa = XCBuildConfiguration;
			buildSettings = {
				BUNDLE_LOADER = "$(TEST_HOST)";
				FRAMEWORK_SEARCH_PATHS = (
					"$(SDKROOT)/Developer/Library/Frameworks",
					"$(inherited)",
				);
				GCC_PREPROCESSOR_DEFINITIONS = (
					"DEBUG=1",
					"$(inherited)",
				);
				INFOPLIST_FILE = ballTests/Info.plist;
				LD_RUNPATH_SEARCH_PATHS = "$(inherited) @executable_path/Frameworks @loader_path/Frameworks";
				PRODUCT_NAME = "$(TARGET_NAME)";
				TEST_HOST = "$(BUILT_PRODUCTS_DIR)/ball.app/ball";
			};
			name = Debug;
		};
		DDB342CA1A70E18900E8E65F /* Release */ = {
			isa = XCBuildConfiguration;
			buildSettings = {
				BUNDLE_LOADER = "$(TEST_HOST)";
				FRAMEWORK_SEARCH_PATHS = (
					"$(SDKROOT)/Developer/Library/Frameworks",
					"$(inherited)",
				);
				INFOPLIST_FILE = ballTests/Info.plist;
				LD_RUNPATH_SEARCH_PATHS = "$(inherited) @executable_path/Frameworks @loader_path/Frameworks";
				PRODUCT_NAME = "$(TARGET_NAME)";
				TEST_HOST = "$(BUILT_PRODUCTS_DIR)/ball.app/ball";
			};
			name = Release;
		};
/* End XCBuildConfiguration section */

/* Begin XCConfigurationList section */
		DDB3429D1A70E18900E8E65F /* Build configuration list for PBXProject "ball" */ = {
			isa = XCConfigurationList;
			buildConfigurations = (
				DDB342C31A70E18900E8E65F /* Debug */,
				DDB342C41A70E18900E8E65F /* Release */,
			);
			defaultConfigurationIsVisible = 0;
			defaultConfigurationName = Release;
		};
		DDB342C51A70E18900E8E65F /* Build configuration list for PBXNativeTarget "ball" */ = {
			isa = XCConfigurationList;
			buildConfigurations = (
				DDB342C61A70E18900E8E65F /* Debug */,
				DDB342C71A70E18900E8E65F /* Release */,
			);
			defaultConfigurationIsVisible = 0;
		};
		DDB342C81A70E18900E8E65F /* Build configuration list for PBXNativeTarget "ballTests" */ = {
			isa = XCConfigurationList;
			buildConfigurations = (
				DDB342C91A70E18900E8E65F /* Debug */,
				DDB342CA1A70E18900E8E65F /* Release */,
			);
			defaultConfigurationIsVisible = 0;
		};
/* End XCConfigurationList section */
	};
	rootObject = DDB3429A1A70E18900E8E65F /* Project object */;
}
